// !$*UTF8*$!
{
	archiveVersion = 1;
	classes = {
	};
	objectVersion = 46;
	objects = {

/* Begin PBXBuildFile section */
		F54B577F1B6B794400FB62E9 /* LGGAwesomeMenu.swift in Sources */ = {isa = PBXBuildFile; fileRef = F54B577E1B6B794400FB62E9 /* LGGAwesomeMenu.swift */; };
		F58224341B6758780037CE0D /* AppDelegate.swift in Sources */ = {isa = PBXBuildFile; fileRef = F58224331B6758780037CE0D /* AppDelegate.swift */; };
		F58224361B6758780037CE0D /* ViewController.swift in Sources */ = {isa = PBXBuildFile; fileRef = F58224351B6758780037CE0D /* ViewController.swift */; };
		F58224391B6758780037CE0D /* Main.storyboard in Resources */ = {isa = PBXBuildFile; fileRef = F58224371B6758780037CE0D /* Main.storyboard */; };
		F582243B1B6758780037CE0D /* Images.xcassets in Resources */ = {isa = PBXBuildFile; fileRef = F582243A1B6758780037CE0D /* Images.xcassets */; };
		F582243E1B6758780037CE0D /* LaunchScreen.xib in Resources */ = {isa = PBXBuildFile; fileRef = F582243C1B6758780037CE0D /* LaunchScreen.xib */; };
		F582244A1B6758780037CE0D /* LGGAwesomeMenuTests.swift in Sources */ = {isa = PBXBuildFile; fileRef = F58224491B6758780037CE0D /* LGGAwesomeMenuTests.swift */; };
		F58224571B67607E0037CE0D /* LGGAwesomeMenuItem.swift in Sources */ = {isa = PBXBuildFile; fileRef = F58224561B67607E0037CE0D /* LGGAwesomeMenuItem.swift */; };
/* End PBXBuildFile section */

/* Begin PBXContainerItemProxy section */
		F58224441B6758780037CE0D /* PBXContainerItemProxy */ = {
			isa = PBXContainerItemProxy;
			containerPortal = F58224261B6758780037CE0D /* Project object */;
			proxyType = 1;
			remoteGlobalIDString = F582242D1B6758780037CE0D;
			remoteInfo = LGGAwesomeMenu;
		};
/* End PBXContainerItemProxy section */

/* Begin PBXFileReference section */
		F54B577E1B6B794400FB62E9 /* LGGAwesomeMenu.swift */ = {isa = PBXFileReference; fileEncoding = 4; lastKnownFileType = sourcecode.swift; path = LGGAwesomeMenu.swift; sourceTree = "<group>"; };
		F582242E1B6758780037CE0D /* LGGAwesomeMenu.app */ = {isa = PBXFileReference; explicitFileType = wrapper.application; includeInIndex = 0; path = LGGAwesomeMenu.app; sourceTree = BUILT_PRODUCTS_DIR; };
		F58224321B6758780037CE0D /* Info.plist */ = {isa = PBXFileReference; lastKnownFileType = text.plist.xml; path = Info.plist; sourceTree = "<group>"; };
		F58224331B6758780037CE0D /* AppDelegate.swift */ = {isa = PBXFileReference; lastKnownFileType = sourcecode.swift; path = AppDelegate.swift; sourceTree = "<group>"; };
		F58224351B6758780037CE0D /* ViewController.swift */ = {isa = PBXFileReference; lastKnownFileType = sourcecode.swift; path = ViewController.swift; sourceTree = "<group>"; };
		F58224381B6758780037CE0D /* Base */ = {isa = PBXFileReference; lastKnownFileType = file.storyboard; name = Base; path = Base.lproj/Main.storyboard; sourceTree = "<group>"; };
		F582243A1B6758780037CE0D /* Images.xcassets */ = {isa = PBXFileReference; lastKnownFileType = folder.assetcatalog; path = Images.xcassets; sourceTree = "<group>"; };
		F582243D1B6758780037CE0D /* Base */ = {isa = PBXFileReference; lastKnownFileType = file.xib; name = Base; path = Base.lproj/LaunchScreen.xib; sourceTree = "<group>"; };
		F58224431B6758780037CE0D /* LGGAwesomeMenuTests.xctest */ = {isa = PBXFileReference; explicitFileType = wrapper.cfbundle; includeInIndex = 0; path = LGGAwesomeMenuTests.xctest; sourceTree = BUILT_PRODUCTS_DIR; };
		F58224481B6758780037CE0D /* Info.plist */ = {isa = PBXFileReference; lastKnownFileType = text.plist.xml; path = Info.plist; sourceTree = "<group>"; };
		F58224491B6758780037CE0D /* LGGAwesomeMenuTests.swift */ = {isa = PBXFileReference; lastKnownFileType = sourcecode.swift; path = LGGAwesomeMenuTests.swift; sourceTree = "<group>"; };
		F58224561B67607E0037CE0D /* LGGAwesomeMenuItem.swift */ = {isa = PBXFileReference; fileEncoding = 4; lastKnownFileType = sourcecode.swift; path = LGGAwesomeMenuItem.swift; sourceTree = "<group>"; };
/* End PBXFileReference section */

/* Begin PBXFrameworksBuildPhase section */
		F582242B1B6758780037CE0D /* Frameworks */ = {
			isa = PBXFrameworksBuildPhase;
			buildActionMask = 2147483647;
			files = (
			);
			runOnlyForDeploymentPostprocessing = 0;
		};
		F58224401B6758780037CE0D /* Frameworks */ = {
			isa = PBXFrameworksBuildPhase;
			buildActionMask = 2147483647;
			files = (
			);
			runOnlyForDeploymentPostprocessing = 0;
		};
/* End PBXFrameworksBuildPhase section */

/* Begin PBXGroup section */
		F58224251B6758780037CE0D = {
			isa = PBXGroup;
			children = (
				F58224301B6758780037CE0D /* LGGAwesomeMenu */,
				F58224461B6758780037CE0D /* LGGAwesomeMenuTests */,
				F582242F1B6758780037CE0D /* Products */,
			);
			sourceTree = "<group>";
		};
		F582242F1B6758780037CE0D /* Products */ = {
			isa = PBXGroup;
			children = (
				F582242E1B6758780037CE0D /* LGGAwesomeMenu.app */,
				F58224431B6758780037CE0D /* LGGAwesomeMenuTests.xctest */,
			);
			name = Products;
			sourceTree = "<group>";
		};
		F58224301B6758780037CE0D /* LGGAwesomeMenu */ = {
			isa = PBXGroup;
			children = (
				F58224581B67608B0037CE0D /* LGGAwesomeMenu */,
				F58224331B6758780037CE0D /* AppDelegate.swift */,
				F58224351B6758780037CE0D /* ViewController.swift */,
				F58224371B6758780037CE0D /* Main.storyboard */,
				F582243A1B6758780037CE0D /* Images.xcassets */,
				F582243C1B6758780037CE0D /* LaunchScreen.xib */,
				F58224311B6758780037CE0D /* Supporting Files */,
			);
			path = LGGAwesomeMenu;
			sourceTree = "<group>";
		};
		F58224311B6758780037CE0D /* Supporting Files */ = {
			isa = PBXGroup;
			children = (
				F58224321B6758780037CE0D /* Info.plist */,
			);
			name = "Supporting Files";
			sourceTree = "<group>";
		};
		F58224461B6758780037CE0D /* LGGAwesomeMenuTests */ = {
			isa = PBXGroup;
			children = (
				F58224491B6758780037CE0D /* LGGAwesomeMenuTests.swift */,
				F58224471B6758780037CE0D /* Supporting Files */,
			);
			path = LGGAwesomeMenuTests;
			sourceTree = "<group>";
		};
		F58224471B6758780037CE0D /* Supporting Files */ = {
			isa = PBXGroup;
			children = (
				F58224481B6758780037CE0D /* Info.plist */,
			);
			name = "Supporting Files";
			sourceTree = "<group>";
		};
		F58224581B67608B0037CE0D /* LGGAwesomeMenu */ = {
			isa = PBXGroup;
			children = (
				F58224561B67607E0037CE0D /* LGGAwesomeMenuItem.swift */,
				F54B577E1B6B794400FB62E9 /* LGGAwesomeMenu.swift */,
			);
			name = LGGAwesomeMenu;
			sourceTree = "<group>";
		};
/* End PBXGroup section */

/* Begin PBXNativeTarget section */
		F582242D1B6758780037CE0D /* LGGAwesomeMenu */ = {
			isa = PBXNativeTarget;
			buildConfigurationList = F582244D1B6758780037CE0D /* Build configuration list for PBXNativeTarget "LGGAwesomeMenu" */;
			buildPhases = (
				F582242A1B6758780037CE0D /* Sources */,
				F582242B1B6758780037CE0D /* Frameworks */,
				F582242C1B6758780037CE0D /* Resources */,
			);
			buildRules = (
			);
			dependencies = (
			);
			name = LGGAwesomeMenu;
			productName = LGGAwesomeMenu;
			productReference = F582242E1B6758780037CE0D /* LGGAwesomeMenu.app */;
			productType = "com.apple.product-type.application";
		};
		F58224421B6758780037CE0D /* LGGAwesomeMenuTests */ = {
			isa = PBXNativeTarget;
			buildConfigurationList = F58224501B6758780037CE0D /* Build configuration list for PBXNativeTarget "LGGAwesomeMenuTests" */;
			buildPhases = (
				F582243F1B6758780037CE0D /* Sources */,
				F58224401B6758780037CE0D /* Frameworks */,
				F58224411B6758780037CE0D /* Resources */,
			);
			buildRules = (
			);
			dependencies = (
				F58224451B6758780037CE0D /* PBXTargetDependency */,
			);
			name = LGGAwesomeMenuTests;
			productName = LGGAwesomeMenuTests;
			productReference = F58224431B6758780037CE0D /* LGGAwesomeMenuTests.xctest */;
			productType = "com.apple.product-type.bundle.unit-test";
		};
/* End PBXNativeTarget section */

/* Begin PBXProject section */
		F58224261B6758780037CE0D /* Project object */ = {
			isa = PBXProject;
			attributes = {
				LastUpgradeCheck = 0640;
				ORGANIZATIONNAME = GirliOS;
				TargetAttributes = {
					F582242D1B6758780037CE0D = {
						CreatedOnToolsVersion = 6.4;
					};
					F58224421B6758780037CE0D = {
						CreatedOnToolsVersion = 6.4;
						TestTargetID = F582242D1B6758780037CE0D;
					};
				};
			};
			buildConfigurationList = F58224291B6758780037CE0D /* Build configuration list for PBXProject "LGGAwesomeMenu" */;
			compatibilityVersion = "Xcode 3.2";
			developmentRegion = English;
			hasScannedForEncodings = 0;
			knownRegions = (
				en,
				Base,
			);
			mainGroup = F58224251B6758780037CE0D;
			productRefGroup = F582242F1B6758780037CE0D /* Products */;
			projectDirPath = "";
			projectRoot = "";
			targets = (
				F582242D1B6758780037CE0D /* LGGAwesomeMenu */,
				F58224421B6758780037CE0D /* LGGAwesomeMenuTests */,
			);
		};
/* End PBXProject section */

/* Begin PBXResourcesBuildPhase section */
		F582242C1B6758780037CE0D /* Resources */ = {
			isa = PBXResourcesBuildPhase;
			buildActionMask = 2147483647;
			files = (
				F58224391B6758780037CE0D /* Main.storyboard in Resources */,
				F582243E1B6758780037CE0D /* LaunchScreen.xib in Resources */,
				F582243B1B6758780037CE0D /* Images.xcassets in Resources */,
			);
			runOnlyForDeploymentPostprocessing = 0;
		};
		F58224411B6758780037CE0D /* Resources */ = {
			isa = PBXResourcesBuildPhase;
			buildActionMask = 2147483647;
			files = (
			);
			runOnlyForDeploymentPostprocessing = 0;
		};
/* End PBXResourcesBuildPhase section */

/* Begin PBXSourcesBuildPhase section */
		F582242A1B6758780037CE0D /* Sources */ = {
			isa = PBXSourcesBuildPhase;
			buildActionMask = 2147483647;
			files = (
				F58224571B67607E0037CE0D /* LGGAwesomeMenuItem.swift in Sources */,
				F58224361B6758780037CE0D /* ViewController.swift in Sources */,
				F58224341B6758780037CE0D /* AppDelegate.swift in Sources */,
				F54B577F1B6B794400FB62E9 /* LGGAwesomeMenu.swift in Sources */,
			);
			runOnlyForDeploymentPostprocessing = 0;
		};
		F582243F1B6758780037CE0D /* Sources */ = {
			isa = PBXSourcesBuildPhase;
			buildActionMask = 2147483647;
			files = (
				F582244A1B6758780037CE0D /* LGGAwesomeMenuTests.swift in Sources */,
			);
			runOnlyForDeploymentPostprocessing = 0;
		};
/* End PBXSourcesBuildPhase section */

/* Begin PBXTargetDependency section */
		F58224451B6758780037CE0D /* PBXTargetDependency */ = {
			isa = PBXTargetDependency;
			target = F582242D1B6758780037CE0D /* LGGAwesomeMenu */;
			targetProxy = F58224441B6758780037CE0D /* PBXContainerItemProxy */;
		};
/* End PBXTargetDependency section */

/* Begin PBXVariantGroup section */
		F58224371B6758780037CE0D /* Main.storyboard */ = {
			isa = PBXVariantGroup;
			children = (
				F58224381B6758780037CE0D /* Base */,
			);
			name = Main.storyboard;
			sourceTree = "<group>";
		};
		F582243C1B6758780037CE0D /* LaunchScreen.xib */ = {
			isa = PBXVariantGroup;
			children = (
				F582243D1B6758780037CE0D /* Base */,
			);
			name = LaunchScreen.xib;
			sourceTree = "<group>";
		};
/* End PBXVariantGroup section */

/* Begin XCBuildConfiguration section */
		F582244B1B6758780037CE0D /* Debug */ = {
			isa = XCBuildConfiguration;
			buildSettings = {
				ALWAYS_SEARCH_USER_PATHS = NO;
				CLANG_CXX_LANGUAGE_STANDARD = "gnu++0x";
				CLANG_CXX_LIBRARY = "libc++";
				CLANG_ENABLE_MODULES = YES;
				CLANG_ENABLE_OBJC_ARC = YES;
				CLANG_WARN_BOOL_CONVERSION = YES;
				CLANG_WARN_CONSTANT_CONVERSION = YES;
				CLANG_WARN_DIRECT_OBJC_ISA_USAGE = YES_ERROR;
				CLANG_WARN_EMPTY_BODY = YES;
				CLANG_WARN_ENUM_CONVERSION = YES;
				CLANG_WARN_INT_CONVERSION = YES;
				CLANG_WARN_OBJC_ROOT_CLASS = YES_ERROR;
				CLANG_WARN_UNREACHABLE_CODE = YES;
				CLANG_WARN__DUPLICATE_METHOD_MATCH = YES;
				"CODE_SIGN_IDENTITY[sdk=iphoneos*]" = "iPhone Developer";
				COPY_PHASE_STRIP = NO;
				DEBUG_INFORMATION_FORMAT = "dwarf-with-dsym";
				ENABLE_STRICT_OBJC_MSGSEND = YES;
				GCC_C_LANGUAGE_STANDARD = gnu99;
				GCC_DYNAMIC_NO_PIC = NO;
				GCC_NO_COMMON_BLOCKS = YES;
				GCC_OPTIMIZATION_LEVEL = 0;
				GCC_PREPROCESSOR_DEFINITIONS = (
					"DEBUG=1",
					"$(inherited)",
				);
				GCC_SYMBOLS_PRIVATE_EXTERN = NO;
				GCC_WARN_64_TO_32_BIT_CONVERSION = YES;
				GCC_WARN_ABOUT_RETURN_TYPE = YES_ERROR;
				GCC_WARN_UNDECLARED_SELECTOR = YES;
				GCC_WARN_UNINITIALIZED_AUTOS = YES_AGGRESSIVE;
				GCC_WARN_UNUSED_FUNCTION = YES;
				GCC_WARN_UNUSED_VARIABLE = YES;
				IPHONEOS_DEPLOYMENT_TARGET = 8.4;
				MTL_ENABLE_DEBUG_INFO = YES;
				ONLY_ACTIVE_ARCH = YES;
				SDKROOT = iphoneos;
				SWIFT_OPTIMIZATION_LEVEL = "-Onone";
			};
			name = Debug;
		};
		F582244C1B6758780037CE0D /* Release */ = {
			isa = XCBuildConfiguration;
			buildSettings = {
				ALWAYS_SEARCH_USER_PATHS = NO;
				CLANG_CXX_LANGUAGE_STANDARD = "gnu++0x";
				CLANG_CXX_LIBRARY = "libc++";
				CLANG_ENABLE_MODULES = YES;
				CLANG_ENABLE_OBJC_ARC = YES;
				CLANG_WARN_BOOL_CONVERSION = YES;
				CLANG_WARN_CONSTANT_CONVERSION = YES;
				CLANG_WARN_DIRECT_OBJC_ISA_USAGE = YES_ERROR;
				CLANG_WARN_EMPTY_BODY = YES;
				CLANG_WARN_ENUM_CONVERSION = YES;
				CLANG_WARN_INT_CONVERSION = YES;
				CLANG_WARN_OBJC_ROOT_CLASS = YES_ERROR;
				CLANG_WARN_UNREACHABLE_CODE = YES;
				CLANG_WARN__DUPLICATE_METHOD_MATCH = YES;
				"CODE_SIGN_IDENTITY[sdk=iphoneos*]" = "iPhone Developer";
				COPY_PHASE_STRIP = NO;
				DEBUG_INFORMATION_FORMAT = "dwarf-with-dsym";
				ENABLE_NS_ASSERTIONS = NO;
				ENABLE_STRICT_OBJC_MSGSEND = YES;
				GCC_C_LANGUAGE_STANDARD = gnu99;
				GCC_NO_COMMON_BLOCKS = YES;
				GCC_WARN_64_TO_32_BIT_CONVERSION = YES;
				GCC_WARN_ABOUT_RETURN_TYPE = YES_ERROR;
				GCC_WARN_UNDECLARED_SELECTOR = YES;
				GCC_WARN_UNINITIALIZED_AUTOS = YES_AGGRESSIVE;
				GCC_WARN_UNUSED_FUNCTION = YES;
				GCC_WARN_UNUSED_VARIABLE = YES;
				IPHONEOS_DEPLOYMENT_TARGET = 8.4;
				MTL_ENABLE_DEBUG_INFO = NO;
				SDKROOT = iphoneos;
				VALIDATE_PRODUCT = YES;
			};
			name = Release;
		};
		F582244E1B6758780037CE0D /* Debug */ = {
			isa = XCBuildConfiguration;
			buildSettings = {
				ASSETCATALOG_COMPILER_APPICON_NAME = AppIcon;
				INFOPLIST_FILE = LGGAwesomeMenu/Info.plist;
				LD_RUNPATH_SEARCH_PATHS = "$(inherited) @executable_path/Frameworks";
				PRODUCT_NAME = "$(TARGET_NAME)";
			};
			name = Debug;
		};
		F582244F1B6758780037CE0D /* Release */ = {
			isa = XCBuildConfiguration;
			buildSettings = {
				ASSETCATALOG_COMPILER_APPICON_NAME = AppIcon;
				INFOPLIST_FILE = LGGAwesomeMenu/Info.plist;
				LD_RUNPATH_SEARCH_PATHS = "$(inherited) @executable_path/Frameworks";
				PRODUCT_NAME = "$(TARGET_NAME)";
			};
			name = Release;
		};
		F58224511B6758780037CE0D /* Debug */ = {
			isa = XCBuildConfiguration;
			buildSettings = {
				BUNDLE_LOADER = "$(TEST_HOST)";
				FRAMEWORK_SEARCH_PATHS = (
					"$(SDKROOT)/Developer/Library/Frameworks",
					"$(inherited)",
				);
				GCC_PREPROCESSOR_DEFINITIONS = (
					"DEBUG=1",
					"$(inherited)",
				);
				INFOPLIST_FILE = LGGAwesomeMenuTests/Info.plist;
				LD_RUNPATH_SEARCH_PATHS = "$(inherited) @executable_path/Frameworks @loader_path/Frameworks";
				PRODUCT_NAME = "$(TARGET_NAME)";
				TEST_HOST = "$(BUILT_PRODUCTS_DIR)/LGGAwesomeMenu.app/LGGAwesomeMenu";
			};
			name = Debug;
		};
		F58224521B6758780037CE0D /* Release */ = {
			isa = XCBuildConfiguration;
			buildSettings = {
				BUNDLE_LOADER = "$(TEST_HOST)";
				FRAMEWORK_SEARCH_PATHS = (
					"$(SDKROOT)/Developer/Library/Frameworks",
					"$(inherited)",
				);
				INFOPLIST_FILE = LGGAwesomeMenuTests/Info.plist;
				LD_RUNPATH_SEARCH_PATHS = "$(inherited) @executable_path/Frameworks @loader_path/Frameworks";
				PRODUCT_NAME = "$(TARGET_NAME)";
				TEST_HOST = "$(BUILT_PRODUCTS_DIR)/LGGAwesomeMenu.app/LGGAwesomeMenu";
			};
			name = Release;
		};
/* End XCBuildConfiguration section */

/* Begin XCConfigurationList section */
		F58224291B6758780037CE0D /* Build configuration list for PBXProject "LGGAwesomeMenu" */ = {
			isa = XCConfigurationList;
			buildConfigurations = (
				F582244B1B6758780037CE0D /* Debug */,
				F582244C1B6758780037CE0D /* Release */,
			);
			defaultConfigurationIsVisible = 0;
			defaultConfigurationName = Release;
		};
		F582244D1B6758780037CE0D /* Build configuration list for PBXNativeTarget "LGGAwesomeMenu" */ = {
			isa = XCConfigurationList;
			buildConfigurations = (
				F582244E1B6758780037CE0D /* Debug */,
				F582244F1B6758780037CE0D /* Release */,
			);
			defaultConfigurationIsVisible = 0;
			defaultConfigurationName = Release;
		};
		F58224501B6758780037CE0D /* Build configuration list for PBXNativeTarget "LGGAwesomeMenuTests" */ = {
			isa = XCConfigurationList;
			buildConfigurations = (
				F58224511B6758780037CE0D /* Debug */,
				F58224521B6758780037CE0D /* Release */,
			);
			defaultConfigurationIsVisible = 0;
			defaultConfigurationName = Release;
		};
/* End XCConfigurationList section */
	};
	rootObject = F58224261B6758780037CE0D /* Project object */;
}
